
Microsoft Visual Studio Solution File, Format Version 12.00
# Visual Studio Version 17
VisualStudioVersion = 17.14.36301.6
MinimumVisualStudioVersion = 10.0.40219.1
Project("{FAE04EC0-301F-11D3-BF4B-00C04F79EFBC}") = "CITracker", "CITracker\CITracker.csproj", "{310F657D-ACF3-44E1-BDEE-2CA20DC59614}"
EndProject
Project("{FAE04EC0-301F-11D3-BF4B-00C04F79EFBC}") = "Shared", "Shared\Shared.csproj", "{3C8BC8D4-4852-4A3C-8B17-DAC179F2BB2E}"
EndProject
Project("{FAE04EC0-301F-11D3-BF4B-00C04F79EFBC}") = "Datalayer", "Datalayer\Datalayer.csproj", "{3DCDFDE1-E128-442B-B87B-85E9B791A002}"
EndProject
Project("{FAE04EC0-301F-11D3-BF4B-00C04F79EFBC}") = "DataRepository", "DataRepository\DataRepository.csproj", "{CD7DA68D-4637-421F-AE8D-871C38C301A4}"
EndProject
Project("{FAE04EC0-301F-11D3-BF4B-00C04F79EFBC}") = "Infastructure", "Infastructure\Infastructure.csproj", "{9C1F5119-952D-4FCA-B950-4E48AD221451}"
EndProject
Global
	GlobalSection(SolutionConfigurationPlatforms) = preSolution
		Debug|Any CPU = Debug|Any CPU
		Release|Any CPU = Release|Any CPU
	EndGlobalSection
	GlobalSection(ProjectConfigurationPlatforms) = postSolution
		{310F657D-ACF3-44E1-BDEE-2CA20DC59614}.Debug|Any CPU.ActiveCfg = Debug|Any CPU
		{310F657D-ACF3-44E1-BDEE-2CA20DC59614}.Debug|Any CPU.Build.0 = Debug|Any CPU
		{310F657D-ACF3-44E1-BDEE-2CA20DC59614}.Release|Any CPU.ActiveCfg = Release|Any CPU
		{310F657D-ACF3-44E1-BDEE-2CA20DC59614}.Release|Any CPU.Build.0 = Release|Any CPU
		{3C8BC8D4-4852-4A3C-8B17-DAC179F2BB2E}.Debug|Any CPU.ActiveCfg = Debug|Any CPU
		{3C8BC8D4-4852-4A3C-8B17-DAC179F2BB2E}.Debug|Any CPU.Build.0 = Debug|Any CPU
		{3C8BC8D4-4852-4A3C-8B17-DAC179F2BB2E}.Release|Any CPU.ActiveCfg = Release|Any CPU
		{3C8BC8D4-4852-4A3C-8B17-DAC179F2BB2E}.Release|Any CPU.Build.0 = Release|Any CPU
		{3DCDFDE1-E128-442B-B87B-85E9B791A002}.Debug|Any CPU.ActiveCfg = Debug|Any CPU
		{3DCDFDE1-E128-442B-B87B-85E9B791A002}.Debug|Any CPU.Build.0 = Debug|Any CPU
		{3DCDFDE1-E128-442B-B87B-85E9B791A002}.Release|Any CPU.ActiveCfg = Release|Any CPU
		{3DCDFDE1-E128-442B-B87B-85E9B791A002}.Release|Any CPU.Build.0 = Release|Any CPU
		{CD7DA68D-4637-421F-AE8D-871C38C301A4}.Debug|Any CPU.ActiveCfg = Debug|Any CPU
		{CD7DA68D-4637-421F-AE8D-871C38C301A4}.Debug|Any CPU.Build.0 = Debug|Any CPU
		{CD7DA68D-4637-421F-AE8D-871C38C301A4}.Release|Any CPU.ActiveCfg = Release|Any CPU
		{CD7DA68D-4637-421F-AE8D-871C38C301A4}.Release|Any CPU.Build.0 = Release|Any CPU
		{9C1F5119-952D-4FCA-B950-4E48AD221451}.Debug|Any CPU.ActiveCfg = Debug|Any CPU
		{9C1F5119-952D-4FCA-B950-4E48AD221451}.Debug|Any CPU.Build.0 = Debug|Any CPU
		{9C1F5119-952D-4FCA-B950-4E48AD221451}.Release|Any CPU.ActiveCfg = Release|Any CPU
		{9C1F5119-952D-4FCA-B950-4E48AD221451}.Release|Any CPU.Build.0 = Release|Any CPU
	EndGlobalSection
	GlobalSection(SolutionProperties) = preSolution
		HideSolutionNode = FALSE
	EndGlobalSection
	GlobalSection(ExtensibilityGlobals) = postSolution
		SolutionGuid = {D6991820-98D9-4F73-B994-148C809BD2C1}
	EndGlobalSection
EndGlobal
